// !$*UTF8*$!
{
	archiveVersion = 1;
	classes = {
	};
	objectVersion = 48;
	objects = {

/* Begin PBXBuildFile section */
		84A534B11F7DE6E8008909A0 /* AppDelegate.m in Sources */ = {isa = PBXBuildFile; fileRef = 84A534B01F7DE6E8008909A0 /* AppDelegate.m */; };
		84A534B41F7DE6E8008909A0 /* ViewController.m in Sources */ = {isa = PBXBuildFile; fileRef = 84A534B31F7DE6E8008909A0 /* ViewController.m */; };
		84A534B71F7DE6E8008909A0 /* Main.storyboard in Resources */ = {isa = PBXBuildFile; fileRef = 84A534B51F7DE6E8008909A0 /* Main.storyboard */; };
		84A534B91F7DE6E8008909A0 /* Assets.xcassets in Resources */ = {isa = PBXBuildFile; fileRef = 84A534B81F7DE6E8008909A0 /* Assets.xcassets */; };
		84A534BC1F7DE6E8008909A0 /* LaunchScreen.storyboard in Resources */ = {isa = PBXBuildFile; fileRef = 84A534BA1F7DE6E8008909A0 /* LaunchScreen.storyboard */; };
		84A534BF1F7DE6E8008909A0 /* main.m in Sources */ = {isa = PBXBuildFile; fileRef = 84A534BE1F7DE6E8008909A0 /* main.m */; };
		84A534C91F7DE6E8008909A0 /* VoipTestTests.m in Sources */ = {isa = PBXBuildFile; fileRef = 84A534C81F7DE6E8008909A0 /* VoipTestTests.m */; };
		84A534D41F7DE6E8008909A0 /* VoipTestUITests.m in Sources */ = {isa = PBXBuildFile; fileRef = 84A534D31F7DE6E8008909A0 /* VoipTestUITests.m */; };
		84A534E31F7DE90A008909A0 /* PushKit.framework in Frameworks */ = {isa = PBXBuildFile; fileRef = 84A534E21F7DE90A008909A0 /* PushKit.framework */; };
		84A534E51F7DE91B008909A0 /* UserNotifications.framework in Frameworks */ = {isa = PBXBuildFile; fileRef = 84A534E41F7DE91B008909A0 /* UserNotifications.framework */; };
		84A5352E1F7F89DC008909A0 /* NotificationService.m in Sources */ = {isa = PBXBuildFile; fileRef = 84A5352D1F7F89DC008909A0 /* NotificationService.m */; };
		84A535321F7F89DC008909A0 /* pushEXTest.appex in Embed App Extensions */ = {isa = PBXBuildFile; fileRef = 84A5352A1F7F89DC008909A0 /* pushEXTest.appex */; settings = {ATTRIBUTES = (RemoveHeadersOnCopy, ); }; };
		84A535481F7F9B59008909A0 /* NotificationService.m in Sources */ = {isa = PBXBuildFile; fileRef = 84A535471F7F9B59008909A0 /* NotificationService.m */; };
		84A5354C1F7F9B59008909A0 /* medi.appex in Embed App Extensions */ = {isa = PBXBuildFile; fileRef = 84A535441F7F9B59008909A0 /* medi.appex */; settings = {ATTRIBUTES = (RemoveHeadersOnCopy, ); }; };
		84A535641F7F9BB9008909A0 /* flv视频测试用例1.mp4 in Resources */ = {isa = PBXBuildFile; fileRef = 84A535601F7F9BB9008909A0 /* flv视频测试用例1.mp4 */; };
		84A535651F7F9BB9008909A0 /* flv视频测试用例1.mp4 in Resources */ = {isa = PBXBuildFile; fileRef = 84A535601F7F9BB9008909A0 /* flv视频测试用例1.mp4 */; };
		84A535661F7F9BB9008909A0 /* flv视频测试用例1.mp4 in Resources */ = {isa = PBXBuildFile; fileRef = 84A535601F7F9BB9008909A0 /* flv视频测试用例1.mp4 */; };
		84A535671F7F9BB9008909A0 /* image01.jpg in Resources */ = {isa = PBXBuildFile; fileRef = 84A535611F7F9BB9008909A0 /* image01.jpg */; };
		84A535681F7F9BB9008909A0 /* image01.jpg in Resources */ = {isa = PBXBuildFile; fileRef = 84A535611F7F9BB9008909A0 /* image01.jpg */; };
		84A535691F7F9BB9008909A0 /* image01.jpg in Resources */ = {isa = PBXBuildFile; fileRef = 84A535611F7F9BB9008909A0 /* image01.jpg */; };
		84A5356A1F7F9BB9008909A0 /* test1.gif in Resources */ = {isa = PBXBuildFile; fileRef = 84A535621F7F9BB9008909A0 /* test1.gif */; };
		84A5356B1F7F9BB9008909A0 /* test1.gif in Resources */ = {isa = PBXBuildFile; fileRef = 84A535621F7F9BB9008909A0 /* test1.gif */; };
		84A5356C1F7F9BB9008909A0 /* test1.gif in Resources */ = {isa = PBXBuildFile; fileRef = 84A535621F7F9BB9008909A0 /* test1.gif */; };
		84A5356D1F7F9BB9008909A0 /* icon_certification_status1@2x.png in Resources */ = {isa = PBXBuildFile; fileRef = 84A535631F7F9BB9008909A0 /* icon_certification_status1@2x.png */; };
		84A5356E1F7F9BB9008909A0 /* icon_certification_status1@2x.png in Resources */ = {isa = PBXBuildFile; fileRef = 84A535631F7F9BB9008909A0 /* icon_certification_status1@2x.png */; };
		84A5356F1F7F9BB9008909A0 /* icon_certification_status1@2x.png in Resources */ = {isa = PBXBuildFile; fileRef = 84A535631F7F9BB9008909A0 /* icon_certification_status1@2x.png */; };
		84A535751F7F9DF6008909A0 /* UserNotifications.framework in Frameworks */ = {isa = PBXBuildFile; fileRef = 84A534E41F7DE91B008909A0 /* UserNotifications.framework */; };
		84A535771F7F9DF6008909A0 /* UserNotificationsUI.framework in Frameworks */ = {isa = PBXBuildFile; fileRef = 84A535761F7F9DF6008909A0 /* UserNotificationsUI.framework */; };
		84A5357B1F7F9DF6008909A0 /* NotificationViewController.m in Sources */ = {isa = PBXBuildFile; fileRef = 84A5357A1F7F9DF6008909A0 /* NotificationViewController.m */; };
		84A5357E1F7F9DF6008909A0 /* MainInterface.storyboard in Resources */ = {isa = PBXBuildFile; fileRef = 84A5357C1F7F9DF6008909A0 /* MainInterface.storyboard */; };
		84A535821F7F9DF6008909A0 /* pushcontentPush.appex in Embed App Extensions */ = {isa = PBXBuildFile; fileRef = 84A535741F7F9DF6008909A0 /* pushcontentPush.appex */; settings = {ATTRIBUTES = (RemoveHeadersOnCopy, ); }; };
		84A535A71F8B1813008909A0 /* 推送详情.txt in Resources */ = {isa = PBXBuildFile; fileRef = 84A535A61F8B1813008909A0 /* 推送详情.txt */; };
/* End PBXBuildFile section */

/* Begin PBXContainerItemProxy section */
		84A534C51F7DE6E8008909A0 /* PBXContainerItemProxy */ = {
			isa = PBXContainerItemProxy;
			containerPortal = 84A534A41F7DE6E8008909A0 /* Project object */;
			proxyType = 1;
			remoteGlobalIDString = 84A534AB1F7DE6E8008909A0;
			remoteInfo = VoipTest;
		};
		84A534D01F7DE6E8008909A0 /* PBXContainerItemProxy */ = {
			isa = PBXContainerItemProxy;
			containerPortal = 84A534A41F7DE6E8008909A0 /* Project object */;
			proxyType = 1;
			remoteGlobalIDString = 84A534AB1F7DE6E8008909A0;
			remoteInfo = VoipTest;
		};
		84A535301F7F89DC008909A0 /* PBXContainerItemProxy */ = {
			isa = PBXContainerItemProxy;
			containerPortal = 84A534A41F7DE6E8008909A0 /* Project object */;
			proxyType = 1;
			remoteGlobalIDString = 84A535291F7F89DC008909A0;
			remoteInfo = pushEXTest;
		};
		84A5354A1F7F9B59008909A0 /* PBXContainerItemProxy */ = {
			isa = PBXContainerItemProxy;
			containerPortal = 84A534A41F7DE6E8008909A0 /* Project object */;
			proxyType = 1;
			remoteGlobalIDString = 84A535431F7F9B59008909A0;
			remoteInfo = medi;
		};
		84A535801F7F9DF6008909A0 /* PBXContainerItemProxy */ = {
			isa = PBXContainerItemProxy;
			containerPortal = 84A534A41F7DE6E8008909A0 /* Project object */;
			proxyType = 1;
			remoteGlobalIDString = 84A535731F7F9DF6008909A0;
			remoteInfo = pushcontentPush;
		};
/* End PBXContainerItemProxy section */

/* Begin PBXCopyFilesBuildPhase section */
		84A535361F7F89DC008909A0 /* Embed App Extensions */ = {
			isa = PBXCopyFilesBuildPhase;
			buildActionMask = 2147483647;
			dstPath = "";
			dstSubfolderSpec = 13;
			files = (
				84A535321F7F89DC008909A0 /* pushEXTest.appex in Embed App Extensions */,
				84A535821F7F9DF6008909A0 /* pushcontentPush.appex in Embed App Extensions */,
				84A5354C1F7F9B59008909A0 /* medi.appex in Embed App Extensions */,
			);
			name = "Embed App Extensions";
			runOnlyForDeploymentPostprocessing = 0;
		};
/* End PBXCopyFilesBuildPhase section */

/* Begin PBXFileReference section */
		84A534AC1F7DE6E8008909A0 /* VoipTest.app */ = {isa = PBXFileReference; explicitFileType = wrapper.application; includeInIndex = 0; path = VoipTest.app; sourceTree = BUILT_PRODUCTS_DIR; };
		84A534AF1F7DE6E8008909A0 /* AppDelegate.h */ = {isa = PBXFileReference; lastKnownFileType = sourcecode.c.h; path = AppDelegate.h; sourceTree = "<group>"; };
		84A534B01F7DE6E8008909A0 /* AppDelegate.m */ = {isa = PBXFileReference; lastKnownFileType = sourcecode.c.objc; path = AppDelegate.m; sourceTree = "<group>"; };
		84A534B21F7DE6E8008909A0 /* ViewController.h */ = {isa = PBXFileReference; lastKnownFileType = sourcecode.c.h; path = ViewController.h; sourceTree = "<group>"; };
		84A534B31F7DE6E8008909A0 /* ViewController.m */ = {isa = PBXFileReference; lastKnownFileType = sourcecode.c.objc; path = ViewController.m; sourceTree = "<group>"; };
		84A534B61F7DE6E8008909A0 /* Base */ = {isa = PBXFileReference; lastKnownFileType = file.storyboard; name = Base; path = Base.lproj/Main.storyboard; sourceTree = "<group>"; };
		84A534B81F7DE6E8008909A0 /* Assets.xcassets */ = {isa = PBXFileReference; lastKnownFileType = folder.assetcatalog; path = Assets.xcassets; sourceTree = "<group>"; };
		84A534BB1F7DE6E8008909A0 /* Base */ = {isa = PBXFileReference; lastKnownFileType = file.storyboard; name = Base; path = Base.lproj/LaunchScreen.storyboard; sourceTree = "<group>"; };
		84A534BD1F7DE6E8008909A0 /* Info.plist */ = {isa = PBXFileReference; lastKnownFileType = text.plist.xml; path = Info.plist; sourceTree = "<group>"; };
		84A534BE1F7DE6E8008909A0 /* main.m */ = {isa = PBXFileReference; lastKnownFileType = sourcecode.c.objc; path = main.m; sourceTree = "<group>"; };
		84A534C41F7DE6E8008909A0 /* VoipTestTests.xctest */ = {isa = PBXFileReference; explicitFileType = wrapper.cfbundle; includeInIndex = 0; path = VoipTestTests.xctest; sourceTree = BUILT_PRODUCTS_DIR; };
		84A534C81F7DE6E8008909A0 /* VoipTestTests.m */ = {isa = PBXFileReference; lastKnownFileType = sourcecode.c.objc; path = VoipTestTests.m; sourceTree = "<group>"; };
		84A534CA1F7DE6E8008909A0 /* Info.plist */ = {isa = PBXFileReference; lastKnownFileType = text.plist.xml; path = Info.plist; sourceTree = "<group>"; };
		84A534CF1F7DE6E8008909A0 /* VoipTestUITests.xctest */ = {isa = PBXFileReference; explicitFileType = wrapper.cfbundle; includeInIndex = 0; path = VoipTestUITests.xctest; sourceTree = BUILT_PRODUCTS_DIR; };
		84A534D31F7DE6E8008909A0 /* VoipTestUITests.m */ = {isa = PBXFileReference; lastKnownFileType = sourcecode.c.objc; path = VoipTestUITests.m; sourceTree = "<group>"; };
		84A534D51F7DE6E8008909A0 /* Info.plist */ = {isa = PBXFileReference; lastKnownFileType = text.plist.xml; path = Info.plist; sourceTree = "<group>"; };
		84A534E21F7DE90A008909A0 /* PushKit.framework */ = {isa = PBXFileReference; lastKnownFileType = wrapper.framework; name = PushKit.framework; path = System/Library/Frameworks/PushKit.framework; sourceTree = SDKROOT; };
		84A534E41F7DE91B008909A0 /* UserNotifications.framework */ = {isa = PBXFileReference; lastKnownFileType = wrapper.framework; name = UserNotifications.framework; path = System/Library/Frameworks/UserNotifications.framework; sourceTree = SDKROOT; };
		84A534E71F7DF387008909A0 /* VoipTest.entitlements */ = {isa = PBXFileReference; lastKnownFileType = text.plist.entitlements; path = VoipTest.entitlements; sourceTree = "<group>"; };
		84A5352A1F7F89DC008909A0 /* pushEXTest.appex */ = {isa = PBXFileReference; explicitFileType = "wrapper.app-extension"; includeInIndex = 0; path = pushEXTest.appex; sourceTree = BUILT_PRODUCTS_DIR; };
		84A5352C1F7F89DC008909A0 /* NotificationService.h */ = {isa = PBXFileReference; lastKnownFileType = sourcecode.c.h; path = NotificationService.h; sourceTree = "<group>"; };
		84A5352D1F7F89DC008909A0 /* NotificationService.m */ = {isa = PBXFileReference; lastKnownFileType = sourcecode.c.objc; path = NotificationService.m; sourceTree = "<group>"; };
		84A5352F1F7F89DC008909A0 /* Info.plist */ = {isa = PBXFileReference; lastKnownFileType = text.plist.xml; path = Info.plist; sourceTree = "<group>"; };
		84A535441F7F9B59008909A0 /* medi.appex */ = {isa = PBXFileReference; explicitFileType = "wrapper.app-extension"; includeInIndex = 0; path = medi.appex; sourceTree = BUILT_PRODUCTS_DIR; };
		84A535461F7F9B59008909A0 /* NotificationService.h */ = {isa = PBXFileReference; lastKnownFileType = sourcecode.c.h; path = NotificationService.h; sourceTree = "<group>"; };
		84A535471F7F9B59008909A0 /* NotificationService.m */ = {isa = PBXFileReference; lastKnownFileType = sourcecode.c.objc; path = NotificationService.m; sourceTree = "<group>"; };
		84A535491F7F9B59008909A0 /* Info.plist */ = {isa = PBXFileReference; lastKnownFileType = text.plist.xml; path = Info.plist; sourceTree = "<group>"; };
		84A535601F7F9BB9008909A0 /* flv视频测试用例1.mp4 */ = {isa = PBXFileReference; lastKnownFileType = file; path = "flv视频测试用例1.mp4"; sourceTree = "<group>"; };
		84A535611F7F9BB9008909A0 /* image01.jpg */ = {isa = PBXFileReference; lastKnownFileType = image.jpeg; path = image01.jpg; sourceTree = "<group>"; };
		84A535621F7F9BB9008909A0 /* test1.gif */ = {isa = PBXFileReference; lastKnownFileType = image.gif; path = test1.gif; sourceTree = "<group>"; };
		84A535631F7F9BB9008909A0 /* icon_certification_status1@2x.png */ = {isa = PBXFileReference; lastKnownFileType = image.png; path = "icon_certification_status1@2x.png"; sourceTree = "<group>"; };
		84A535741F7F9DF6008909A0 /* pushcontentPush.appex */ = {isa = PBXFileReference; explicitFileType = "wrapper.app-extension"; includeInIndex = 0; path = pushcontentPush.appex; sourceTree = BUILT_PRODUCTS_DIR; };
		84A535761F7F9DF6008909A0 /* UserNotificationsUI.framework */ = {isa = PBXFileReference; lastKnownFileType = wrapper.framework; name = UserNotificationsUI.framework; path = System/Library/Frameworks/UserNotificationsUI.framework; sourceTree = SDKROOT; };
		84A535791F7F9DF6008909A0 /* NotificationViewController.h */ = {isa = PBXFileReference; lastKnownFileType = sourcecode.c.h; path = NotificationViewController.h; sourceTree = "<group>"; };
		84A5357A1F7F9DF6008909A0 /* NotificationViewController.m */ = {isa = PBXFileReference; lastKnownFileType = sourcecode.c.objc; path = NotificationViewController.m; sourceTree = "<group>"; };
		84A5357D1F7F9DF6008909A0 /* Base */ = {isa = PBXFileReference; lastKnownFileType = file.storyboard; name = Base; path = Base.lproj/MainInterface.storyboard; sourceTree = "<group>"; };
		84A5357F1F7F9DF6008909A0 /* Info.plist */ = {isa = PBXFileReference; lastKnownFileType = text.plist.xml; path = Info.plist; sourceTree = "<group>"; };
		84A535A61F8B1813008909A0 /* 推送详情.txt */ = {isa = PBXFileReference; fileEncoding = 4; lastKnownFileType = text; path = "推送详情.txt"; sourceTree = "<group>"; };
/* End PBXFileReference section */

/* Begin PBXFrameworksBuildPhase section */
		84A534A91F7DE6E8008909A0 /* Frameworks */ = {
			isa = PBXFrameworksBuildPhase;
			buildActionMask = 2147483647;
			files = (
				84A534E51F7DE91B008909A0 /* UserNotifications.framework in Frameworks */,
				84A534E31F7DE90A008909A0 /* PushKit.framework in Frameworks */,
			);
			runOnlyForDeploymentPostprocessing = 0;
		};
		84A534C11F7DE6E8008909A0 /* Frameworks */ = {
			isa = PBXFrameworksBuildPhase;
			buildActionMask = 2147483647;
			files = (
			);
			runOnlyForDeploymentPostprocessing = 0;
		};
		84A534CC1F7DE6E8008909A0 /* Frameworks */ = {
			isa = PBXFrameworksBuildPhase;
			buildActionMask = 2147483647;
			files = (
			);
			runOnlyForDeploymentPostprocessing = 0;
		};
		84A535271F7F89DC008909A0 /* Frameworks */ = {
			isa = PBXFrameworksBuildPhase;
			buildActionMask = 2147483647;
			files = (
			);
			runOnlyForDeploymentPostprocessing = 0;
		};
		84A535411F7F9B59008909A0 /* Frameworks */ = {
			isa = PBXFrameworksBuildPhase;
			buildActionMask = 2147483647;
			files = (
			);
			runOnlyForDeploymentPostprocessing = 0;
		};
		84A535711F7F9DF6008909A0 /* Frameworks */ = {
			isa = PBXFrameworksBuildPhase;
			buildActionMask = 2147483647;
			files = (
				84A535771F7F9DF6008909A0 /* UserNotificationsUI.framework in Frameworks */,
				84A535751F7F9DF6008909A0 /* UserNotifications.framework in Frameworks */,
			);
			runOnlyForDeploymentPostprocessing = 0;
		};
/* End PBXFrameworksBuildPhase section */

/* Begin PBXGroup section */
		84A534A31F7DE6E8008909A0 = {
			isa = PBXGroup;
			children = (
				84A534AE1F7DE6E8008909A0 /* VoipTest */,
				84A534C71F7DE6E8008909A0 /* VoipTestTests */,
				84A534D21F7DE6E8008909A0 /* VoipTestUITests */,
				84A5352B1F7F89DC008909A0 /* pushEXTest */,
				84A535451F7F9B59008909A0 /* medi */,
				84A535781F7F9DF6008909A0 /* pushcontentPush */,
				84A534AD1F7DE6E8008909A0 /* Products */,
				84A534E11F7DE90A008909A0 /* Frameworks */,
			);
			sourceTree = "<group>";
		};
		84A534AD1F7DE6E8008909A0 /* Products */ = {
			isa = PBXGroup;
			children = (
				84A534AC1F7DE6E8008909A0 /* VoipTest.app */,
				84A534C41F7DE6E8008909A0 /* VoipTestTests.xctest */,
				84A534CF1F7DE6E8008909A0 /* VoipTestUITests.xctest */,
				84A5352A1F7F89DC008909A0 /* pushEXTest.appex */,
				84A535441F7F9B59008909A0 /* medi.appex */,
				84A535741F7F9DF6008909A0 /* pushcontentPush.appex */,
			);
			name = Products;
			sourceTree = "<group>";
		};
		84A534AE1F7DE6E8008909A0 /* VoipTest */ = {
			isa = PBXGroup;
			children = (
				84A535A61F8B1813008909A0 /* 推送详情.txt */,
				84A535601F7F9BB9008909A0 /* flv视频测试用例1.mp4 */,
				84A535631F7F9BB9008909A0 /* icon_certification_status1@2x.png */,
				84A535611F7F9BB9008909A0 /* image01.jpg */,
				84A535621F7F9BB9008909A0 /* test1.gif */,
				84A534E71F7DF387008909A0 /* VoipTest.entitlements */,
				84A534AF1F7DE6E8008909A0 /* AppDelegate.h */,
				84A534B01F7DE6E8008909A0 /* AppDelegate.m */,
				84A534B21F7DE6E8008909A0 /* ViewController.h */,
				84A534B31F7DE6E8008909A0 /* ViewController.m */,
				84A534B51F7DE6E8008909A0 /* Main.storyboard */,
				84A534B81F7DE6E8008909A0 /* Assets.xcassets */,
				84A534BA1F7DE6E8008909A0 /* LaunchScreen.storyboard */,
				84A534BD1F7DE6E8008909A0 /* Info.plist */,
				84A534BE1F7DE6E8008909A0 /* main.m */,
			);
			path = VoipTest;
			sourceTree = "<group>";
		};
		84A534C71F7DE6E8008909A0 /* VoipTestTests */ = {
			isa = PBXGroup;
			children = (
				84A534C81F7DE6E8008909A0 /* VoipTestTests.m */,
				84A534CA1F7DE6E8008909A0 /* Info.plist */,
			);
			path = VoipTestTests;
			sourceTree = "<group>";
		};
		84A534D21F7DE6E8008909A0 /* VoipTestUITests */ = {
			isa = PBXGroup;
			children = (
				84A534D31F7DE6E8008909A0 /* VoipTestUITests.m */,
				84A534D51F7DE6E8008909A0 /* Info.plist */,
			);
			path = VoipTestUITests;
			sourceTree = "<group>";
		};
		84A534E11F7DE90A008909A0 /* Frameworks */ = {
			isa = PBXGroup;
			children = (
				84A534E41F7DE91B008909A0 /* UserNotifications.framework */,
				84A534E21F7DE90A008909A0 /* PushKit.framework */,
				84A535761F7F9DF6008909A0 /* UserNotificationsUI.framework */,
			);
			name = Frameworks;
			sourceTree = "<group>";
		};
		84A5352B1F7F89DC008909A0 /* pushEXTest */ = {
			isa = PBXGroup;
			children = (
				84A5352C1F7F89DC008909A0 /* NotificationService.h */,
				84A5352D1F7F89DC008909A0 /* NotificationService.m */,
				84A5352F1F7F89DC008909A0 /* Info.plist */,
			);
			path = pushEXTest;
			sourceTree = "<group>";
		};
		84A535451F7F9B59008909A0 /* medi */ = {
			isa = PBXGroup;
			children = (
				84A535461F7F9B59008909A0 /* NotificationService.h */,
				84A535471F7F9B59008909A0 /* NotificationService.m */,
				84A535491F7F9B59008909A0 /* Info.plist */,
			);
			path = medi;
			sourceTree = "<group>";
		};
		84A535781F7F9DF6008909A0 /* pushcontentPush */ = {
			isa = PBXGroup;
			children = (
				84A535791F7F9DF6008909A0 /* NotificationViewController.h */,
				84A5357A1F7F9DF6008909A0 /* NotificationViewController.m */,
				84A5357C1F7F9DF6008909A0 /* MainInterface.storyboard */,
				84A5357F1F7F9DF6008909A0 /* Info.plist */,
			);
			path = pushcontentPush;
			sourceTree = "<group>";
		};
/* End PBXGroup section */

/* Begin PBXNativeTarget section */
		84A534AB1F7DE6E8008909A0 /* VoipTest */ = {
			isa = PBXNativeTarget;
			buildConfigurationList = 84A534D81F7DE6E8008909A0 /* Build configuration list for PBXNativeTarget "VoipTest" */;
			buildPhases = (
				84A534A81F7DE6E8008909A0 /* Sources */,
				84A534A91F7DE6E8008909A0 /* Frameworks */,
				84A534AA1F7DE6E8008909A0 /* Resources */,
				84A535361F7F89DC008909A0 /* Embed App Extensions */,
			);
			buildRules = (
			);
			dependencies = (
				84A535311F7F89DC008909A0 /* PBXTargetDependency */,
				84A5354B1F7F9B59008909A0 /* PBXTargetDependency */,
				84A535811F7F9DF6008909A0 /* PBXTargetDependency */,
			);
			name = VoipTest;
			productName = VoipTest;
			productReference = 84A534AC1F7DE6E8008909A0 /* VoipTest.app */;
			productType = "com.apple.product-type.application";
		};
		84A534C31F7DE6E8008909A0 /* VoipTestTests */ = {
			isa = PBXNativeTarget;
			buildConfigurationList = 84A534DB1F7DE6E8008909A0 /* Build configuration list for PBXNativeTarget "VoipTestTests" */;
			buildPhases = (
				84A534C01F7DE6E8008909A0 /* Sources */,
				84A534C11F7DE6E8008909A0 /* Frameworks */,
				84A534C21F7DE6E8008909A0 /* Resources */,
			);
			buildRules = (
			);
			dependencies = (
				84A534C61F7DE6E8008909A0 /* PBXTargetDependency */,
			);
			name = VoipTestTests;
			productName = VoipTestTests;
			productReference = 84A534C41F7DE6E8008909A0 /* VoipTestTests.xctest */;
			productType = "com.apple.product-type.bundle.unit-test";
		};
		84A534CE1F7DE6E8008909A0 /* VoipTestUITests */ = {
			isa = PBXNativeTarget;
			buildConfigurationList = 84A534DE1F7DE6E8008909A0 /* Build configuration list for PBXNativeTarget "VoipTestUITests" */;
			buildPhases = (
				84A534CB1F7DE6E8008909A0 /* Sources */,
				84A534CC1F7DE6E8008909A0 /* Frameworks */,
				84A534CD1F7DE6E8008909A0 /* Resources */,
			);
			buildRules = (
			);
			dependencies = (
				84A534D11F7DE6E8008909A0 /* PBXTargetDependency */,
			);
			name = VoipTestUITests;
			productName = VoipTestUITests;
			productReference = 84A534CF1F7DE6E8008909A0 /* VoipTestUITests.xctest */;
			productType = "com.apple.product-type.bundle.ui-testing";
		};
		84A535291F7F89DC008909A0 /* pushEXTest */ = {
			isa = PBXNativeTarget;
			buildConfigurationList = 84A535331F7F89DC008909A0 /* Build configuration list for PBXNativeTarget "pushEXTest" */;
			buildPhases = (
				84A535261F7F89DC008909A0 /* Sources */,
				84A535271F7F89DC008909A0 /* Frameworks */,
				84A535281F7F89DC008909A0 /* Resources */,
			);
			buildRules = (
			);
			dependencies = (
			);
			name = pushEXTest;
			productName = pushEXTest;
			productReference = 84A5352A1F7F89DC008909A0 /* pushEXTest.appex */;
			productType = "com.apple.product-type.app-extension";
		};
		84A535431F7F9B59008909A0 /* medi */ = {
			isa = PBXNativeTarget;
			buildConfigurationList = 84A5354D1F7F9B59008909A0 /* Build configuration list for PBXNativeTarget "medi" */;
			buildPhases = (
				84A535401F7F9B59008909A0 /* Sources */,
				84A535411F7F9B59008909A0 /* Frameworks */,
				84A535421F7F9B59008909A0 /* Resources */,
			);
			buildRules = (
			);
			dependencies = (
			);
			name = medi;
			productName = medi;
			productReference = 84A535441F7F9B59008909A0 /* medi.appex */;
			productType = "com.apple.product-type.app-extension";
		};
		84A535731F7F9DF6008909A0 /* pushcontentPush */ = {
			isa = PBXNativeTarget;
			buildConfigurationList = 84A535831F7F9DF6008909A0 /* Build configuration list for PBXNativeTarget "pushcontentPush" */;
			buildPhases = (
				84A535701F7F9DF6008909A0 /* Sources */,
				84A535711F7F9DF6008909A0 /* Frameworks */,
				84A535721F7F9DF6008909A0 /* Resources */,
			);
			buildRules = (
			);
			dependencies = (
			);
			name = pushcontentPush;
			productName = pushcontentPush;
			productReference = 84A535741F7F9DF6008909A0 /* pushcontentPush.appex */;
			productType = "com.apple.product-type.app-extension";
		};
/* End PBXNativeTarget section */

/* Begin PBXProject section */
		84A534A41F7DE6E8008909A0 /* Project object */ = {
			isa = PBXProject;
			attributes = {
				LastUpgradeCheck = 0900;
				ORGANIZATIONNAME = admin;
				TargetAttributes = {
					84A534AB1F7DE6E8008909A0 = {
						CreatedOnToolsVersion = 9.0;
						ProvisioningStyle = Automatic;
						SystemCapabilities = {
							com.apple.BackgroundModes = {
								enabled = 1;
							};
							com.apple.Push = {
								enabled = 1;
							};
						};
					};
					84A534C31F7DE6E8008909A0 = {
						CreatedOnToolsVersion = 9.0;
						ProvisioningStyle = Automatic;
						TestTargetID = 84A534AB1F7DE6E8008909A0;
					};
					84A534CE1F7DE6E8008909A0 = {
						CreatedOnToolsVersion = 9.0;
						ProvisioningStyle = Automatic;
						TestTargetID = 84A534AB1F7DE6E8008909A0;
					};
					84A535291F7F89DC008909A0 = {
						CreatedOnToolsVersion = 9.0;
						ProvisioningStyle = Automatic;
						SystemCapabilities = {
							com.apple.Push = {
								enabled = 0;
							};
						};
					};
					84A535431F7F9B59008909A0 = {
						CreatedOnToolsVersion = 9.0;
						ProvisioningStyle = Automatic;
					};
					84A535731F7F9DF6008909A0 = {
						CreatedOnToolsVersion = 9.0;
						ProvisioningStyle = Automatic;
					};
				};
			};
			buildConfigurationList = 84A534A71F7DE6E8008909A0 /* Build configuration list for PBXProject "VoipTest" */;
			compatibilityVersion = "Xcode 8.0";
			developmentRegion = en;
			hasScannedForEncodings = 0;
			knownRegions = (
				en,
				Base,
			);
			mainGroup = 84A534A31F7DE6E8008909A0;
			productRefGroup = 84A534AD1F7DE6E8008909A0 /* Products */;
			projectDirPath = "";
			projectRoot = "";
			targets = (
				84A534AB1F7DE6E8008909A0 /* VoipTest */,
				84A534C31F7DE6E8008909A0 /* VoipTestTests */,
				84A534CE1F7DE6E8008909A0 /* VoipTestUITests */,
				84A535291F7F89DC008909A0 /* pushEXTest */,
				84A535431F7F9B59008909A0 /* medi */,
				84A535731F7F9DF6008909A0 /* pushcontentPush */,
			);
		};
/* End PBXProject section */

/* Begin PBXResourcesBuildPhase section */
		84A534AA1F7DE6E8008909A0 /* Resources */ = {
			isa = PBXResourcesBuildPhase;
			buildActionMask = 2147483647;
			files = (
				84A535641F7F9BB9008909A0 /* flv视频测试用例1.mp4 in Resources */,
				84A534BC1F7DE6E8008909A0 /* LaunchScreen.storyboard in Resources */,
				84A535A71F8B1813008909A0 /* 推送详情.txt in Resources */,
				84A5356A1F7F9BB9008909A0 /* test1.gif in Resources */,
				84A534B91F7DE6E8008909A0 /* Assets.xcassets in Resources */,
				84A534B71F7DE6E8008909A0 /* Main.storyboard in Resources */,
				84A535671F7F9BB9008909A0 /* image01.jpg in Resources */,
				84A5356D1F7F9BB9008909A0 /* icon_certification_status1@2x.png in Resources */,
			);
			runOnlyForDeploymentPostprocessing = 0;
		};
		84A534C21F7DE6E8008909A0 /* Resources */ = {
			isa = PBXResourcesBuildPhase;
			buildActionMask = 2147483647;
			files = (
			);
			runOnlyForDeploymentPostprocessing = 0;
		};
		84A534CD1F7DE6E8008909A0 /* Resources */ = {
			isa = PBXResourcesBuildPhase;
			buildActionMask = 2147483647;
			files = (
			);
			runOnlyForDeploymentPostprocessing = 0;
		};
		84A535281F7F89DC008909A0 /* Resources */ = {
			isa = PBXResourcesBuildPhase;
			buildActionMask = 2147483647;
			files = (
				84A535681F7F9BB9008909A0 /* image01.jpg in Resources */,
				84A535651F7F9BB9008909A0 /* flv视频测试用例1.mp4 in Resources */,
				84A5356E1F7F9BB9008909A0 /* icon_certification_status1@2x.png in Resources */,
				84A5356B1F7F9BB9008909A0 /* test1.gif in Resources */,
			);
			runOnlyForDeploymentPostprocessing = 0;
		};
		84A535421F7F9B59008909A0 /* Resources */ = {
			isa = PBXResourcesBuildPhase;
			buildActionMask = 2147483647;
			files = (
				84A535691F7F9BB9008909A0 /* image01.jpg in Resources */,
				84A535661F7F9BB9008909A0 /* flv视频测试用例1.mp4 in Resources */,
				84A5356F1F7F9BB9008909A0 /* icon_certification_status1@2x.png in Resources */,
				84A5356C1F7F9BB9008909A0 /* test1.gif in Resources */,
			);
			runOnlyForDeploymentPostprocessing = 0;
		};
		84A535721F7F9DF6008909A0 /* Resources */ = {
			isa = PBXResourcesBuildPhase;
			buildActionMask = 2147483647;
			files = (
				84A5357E1F7F9DF6008909A0 /* MainInterface.storyboard in Resources */,
			);
			runOnlyForDeploymentPostprocessing = 0;
		};
/* End PBXResourcesBuildPhase section */

/* Begin PBXSourcesBuildPhase section */
		84A534A81F7DE6E8008909A0 /* Sources */ = {
			isa = PBXSourcesBuildPhase;
			buildActionMask = 2147483647;
			files = (
				84A534B41F7DE6E8008909A0 /* ViewController.m in Sources */,
				84A534BF1F7DE6E8008909A0 /* main.m in Sources */,
				84A534B11F7DE6E8008909A0 /* AppDelegate.m in Sources */,
			);
			runOnlyForDeploymentPostprocessing = 0;
		};
		84A534C01F7DE6E8008909A0 /* Sources */ = {
			isa = PBXSourcesBuildPhase;
			buildActionMask = 2147483647;
			files = (
				84A534C91F7DE6E8008909A0 /* VoipTestTests.m in Sources */,
			);
			runOnlyForDeploymentPostprocessing = 0;
		};
		84A534CB1F7DE6E8008909A0 /* Sources */ = {
			isa = PBXSourcesBuildPhase;
			buildActionMask = 2147483647;
			files = (
				84A534D41F7DE6E8008909A0 /* VoipTestUITests.m in Sources */,
			);
			runOnlyForDeploymentPostprocessing = 0;
		};
		84A535261F7F89DC008909A0 /* Sources */ = {
			isa = PBXSourcesBuildPhase;
			buildActionMask = 2147483647;
			files = (
				84A5352E1F7F89DC008909A0 /* NotificationService.m in Sources */,
			);
			runOnlyForDeploymentPostprocessing = 0;
		};
		84A535401F7F9B59008909A0 /* Sources */ = {
			isa = PBXSourcesBuildPhase;
			buildActionMask = 2147483647;
			files = (
				84A535481F7F9B59008909A0 /* NotificationService.m in Sources */,
			);
			runOnlyForDeploymentPostprocessing = 0;
		};
		84A535701F7F9DF6008909A0 /* Sources */ = {
			isa = PBXSourcesBuildPhase;
			buildActionMask = 2147483647;
			files = (
				84A5357B1F7F9DF6008909A0 /* NotificationViewController.m in Sources */,
			);
			runOnlyForDeploymentPostprocessing = 0;
		};
/* End PBXSourcesBuildPhase section */

/* Begin PBXTargetDependency section */
		84A534C61F7DE6E8008909A0 /* PBXTargetDependency */ = {
			isa = PBXTargetDependency;
			target = 84A534AB1F7DE6E8008909A0 /* VoipTest */;
			targetProxy = 84A534C51F7DE6E8008909A0 /* PBXContainerItemProxy */;
		};
		84A534D11F7DE6E8008909A0 /* PBXTargetDependency */ = {
			isa = PBXTargetDependency;
			target = 84A534AB1F7DE6E8008909A0 /* VoipTest */;
			targetProxy = 84A534D01F7DE6E8008909A0 /* PBXContainerItemProxy */;
		};
		84A535311F7F89DC008909A0 /* PBXTargetDependency */ = {
			isa = PBXTargetDependency;
			target = 84A535291F7F89DC008909A0 /* pushEXTest */;
			targetProxy = 84A535301F7F89DC008909A0 /* PBXContainerItemProxy */;
		};
		84A5354B1F7F9B59008909A0 /* PBXTargetDependency */ = {
			isa = PBXTargetDependency;
			target = 84A535431F7F9B59008909A0 /* medi */;
			targetProxy = 84A5354A1F7F9B59008909A0 /* PBXContainerItemProxy */;
		};
		84A535811F7F9DF6008909A0 /* PBXTargetDependency */ = {
			isa = PBXTargetDependency;
			target = 84A535731F7F9DF6008909A0 /* pushcontentPush */;
			targetProxy = 84A535801F7F9DF6008909A0 /* PBXContainerItemProxy */;
		};
/* End PBXTargetDependency section */

/* Begin PBXVariantGroup section */
		84A534B51F7DE6E8008909A0 /* Main.storyboard */ = {
			isa = PBXVariantGroup;
			children = (
				84A534B61F7DE6E8008909A0 /* Base */,
			);
			name = Main.storyboard;
			sourceTree = "<group>";
		};
		84A534BA1F7DE6E8008909A0 /* LaunchScreen.storyboard */ = {
			isa = PBXVariantGroup;
			children = (
				84A534BB1F7DE6E8008909A0 /* Base */,
			);
			name = LaunchScreen.storyboard;
			sourceTree = "<group>";
		};
		84A5357C1F7F9DF6008909A0 /* MainInterface.storyboard */ = {
			isa = PBXVariantGroup;
			children = (
				84A5357D1F7F9DF6008909A0 /* Base */,
			);
			name = MainInterface.storyboard;
			sourceTree = "<group>";
		};
/* End PBXVariantGroup section */

/* Begin XCBuildConfiguration section */
		84A534D61F7DE6E8008909A0 /* Debug */ = {
			isa = XCBuildConfiguration;
			buildSettings = {
				ALWAYS_SEARCH_USER_PATHS = NO;
				CLANG_ANALYZER_NONNULL = YES;
				CLANG_ANALYZER_NUMBER_OBJECT_CONVERSION = YES_AGGRESSIVE;
				CLANG_CXX_LANGUAGE_STANDARD = "gnu++14";
				CLANG_CXX_LIBRARY = "libc++";
				CLANG_ENABLE_MODULES = YES;
				CLANG_ENABLE_OBJC_ARC = YES;
				CLANG_WARN_BLOCK_CAPTURE_AUTORELEASING = YES;
				CLANG_WARN_BOOL_CONVERSION = YES;
				CLANG_WARN_COMMA = YES;
				CLANG_WARN_CONSTANT_CONVERSION = YES;
				CLANG_WARN_DIRECT_OBJC_ISA_USAGE = YES_ERROR;
				CLANG_WARN_DOCUMENTATION_COMMENTS = YES;
				CLANG_WARN_EMPTY_BODY = YES;
				CLANG_WARN_ENUM_CONVERSION = YES;
				CLANG_WARN_INFINITE_RECURSION = YES;
				CLANG_WARN_INT_CONVERSION = YES;
				CLANG_WARN_NON_LITERAL_NULL_CONVERSION = YES;
				CLANG_WARN_OBJC_LITERAL_CONVERSION = YES;
				CLANG_WARN_OBJC_ROOT_CLASS = YES_ERROR;
				CLANG_WARN_RANGE_LOOP_ANALYSIS = YES;
				CLANG_WARN_STRICT_PROTOTYPES = YES;
				CLANG_WARN_SUSPICIOUS_MOVE = YES;
				CLANG_WARN_UNGUARDED_AVAILABILITY = YES_AGGRESSIVE;
				CLANG_WARN_UNREACHABLE_CODE = YES;
				CLANG_WARN__DUPLICATE_METHOD_MATCH = YES;
				CODE_SIGN_IDENTITY = "iPhone Developer";
				COPY_PHASE_STRIP = NO;
				DEBUG_INFORMATION_FORMAT = dwarf;
				ENABLE_STRICT_OBJC_MSGSEND = YES;
				ENABLE_TESTABILITY = YES;
				GCC_C_LANGUAGE_STANDARD = gnu11;
				GCC_DYNAMIC_NO_PIC = NO;
				GCC_NO_COMMON_BLOCKS = YES;
				GCC_OPTIMIZATION_LEVEL = 0;
				GCC_PREPROCESSOR_DEFINITIONS = (
					"DEBUG=1",
					"$(inherited)",
				);
				GCC_WARN_64_TO_32_BIT_CONVERSION = YES;
				GCC_WARN_ABOUT_RETURN_TYPE = YES_ERROR;
				GCC_WARN_UNDECLARED_SELECTOR = YES;
				GCC_WARN_UNINITIALIZED_AUTOS = YES_AGGRESSIVE;
				GCC_WARN_UNUSED_FUNCTION = YES;
				GCC_WARN_UNUSED_VARIABLE = YES;
				IPHONEOS_DEPLOYMENT_TARGET = 9.1;
				MTL_ENABLE_DEBUG_INFO = YES;
				ONLY_ACTIVE_ARCH = YES;
				SDKROOT = iphoneos;
			};
			name = Debug;
		};
		84A534D71F7DE6E8008909A0 /* Release */ = {
			isa = XCBuildConfiguration;
			buildSettings = {
				ALWAYS_SEARCH_USER_PATHS = NO;
				CLANG_ANALYZER_NONNULL = YES;
				CLANG_ANALYZER_NUMBER_OBJECT_CONVERSION = YES_AGGRESSIVE;
				CLANG_CXX_LANGUAGE_STANDARD = "gnu++14";
				CLANG_CXX_LIBRARY = "libc++";
				CLANG_ENABLE_MODULES = YES;
				CLANG_ENABLE_OBJC_ARC = YES;
				CLANG_WARN_BLOCK_CAPTURE_AUTORELEASING = YES;
				CLANG_WARN_BOOL_CONVERSION = YES;
				CLANG_WARN_COMMA = YES;
				CLANG_WARN_CONSTANT_CONVERSION = YES;
				CLANG_WARN_DIRECT_OBJC_ISA_USAGE = YES_ERROR;
				CLANG_WARN_DOCUMENTATION_COMMENTS = YES;
				CLANG_WARN_EMPTY_BODY = YES;
				CLANG_WARN_ENUM_CONVERSION = YES;
				CLANG_WARN_INFINITE_RECURSION = YES;
				CLANG_WARN_INT_CONVERSION = YES;
				CLANG_WARN_NON_LITERAL_NULL_CONVERSION = YES;
				CLANG_WARN_OBJC_LITERAL_CONVERSION = YES;
				CLANG_WARN_OBJC_ROOT_CLASS = YES_ERROR;
				CLANG_WARN_RANGE_LOOP_ANALYSIS = YES;
				CLANG_WARN_STRICT_PROTOTYPES = YES;
				CLANG_WARN_SUSPICIOUS_MOVE = YES;
				CLANG_WARN_UNGUARDED_AVAILABILITY = YES_AGGRESSIVE;
				CLANG_WARN_UNREACHABLE_CODE = YES;
				CLANG_WARN__DUPLICATE_METHOD_MATCH = YES;
				CODE_SIGN_IDENTITY = "iPhone Developer";
				COPY_PHASE_STRIP = NO;
				DEBUG_INFORMATION_FORMAT = "dwarf-with-dsym";
				ENABLE_NS_ASSERTIONS = NO;
				ENABLE_STRICT_OBJC_MSGSEND = YES;
				GCC_C_LANGUAGE_STANDARD = gnu11;
				GCC_NO_COMMON_BLOCKS = YES;
				GCC_WARN_64_TO_32_BIT_CONVERSION = YES;
				GCC_WARN_ABOUT_RETURN_TYPE = YES_ERROR;
				GCC_WARN_UNDECLARED_SELECTOR = YES;
				GCC_WARN_UNINITIALIZED_AUTOS = YES_AGGRESSIVE;
				GCC_WARN_UNUSED_FUNCTION = YES;
				GCC_WARN_UNUSED_VARIABLE = YES;
				IPHONEOS_DEPLOYMENT_TARGET = 9.1;
				MTL_ENABLE_DEBUG_INFO = NO;
				SDKROOT = iphoneos;
				VALIDATE_PRODUCT = YES;
			};
			name = Release;
		};
		84A534D91F7DE6E8008909A0 /* Debug */ = {
			isa = XCBuildConfiguration;
			buildSettings = {
				ASSETCATALOG_COMPILER_APPICON_NAME = AppIcon;
				CODE_SIGN_ENTITLEMENTS = VoipTest/VoipTest.entitlements;
				CODE_SIGN_STYLE = Automatic;
				DEVELOPMENT_TEAM = 6S33422B35;
				INFOPLIST_FILE = VoipTest/Info.plist;
				IPHONEOS_DEPLOYMENT_TARGET = 9.1;
				LD_RUNPATH_SEARCH_PATHS = "$(inherited) @executable_path/Frameworks";
				PRODUCT_BUNDLE_IDENTIFIER = com.keisdom.voipTest;
				PRODUCT_NAME = "$(TARGET_NAME)";
				TARGETED_DEVICE_FAMILY = "1,2";
			};
			name = Debug;
		};
		84A534DA1F7DE6E8008909A0 /* Release */ = {
			isa = XCBuildConfiguration;
			buildSettings = {
				ASSETCATALOG_COMPILER_APPICON_NAME = AppIcon;
				CODE_SIGN_ENTITLEMENTS = VoipTest/VoipTest.entitlements;
				CODE_SIGN_STYLE = Automatic;
				DEVELOPMENT_TEAM = 6S33422B35;
				INFOPLIST_FILE = VoipTest/Info.plist;
				IPHONEOS_DEPLOYMENT_TARGET = 9.1;
				LD_RUNPATH_SEARCH_PATHS = "$(inherited) @executable_path/Frameworks";
				PRODUCT_BUNDLE_IDENTIFIER = com.keisdom.voipTest;
				PRODUCT_NAME = "$(TARGET_NAME)";
				TARGETED_DEVICE_FAMILY = "1,2";
			};
			name = Release;
		};
		84A534DC1F7DE6E8008909A0 /* Debug */ = {
			isa = XCBuildConfiguration;
			buildSettings = {
				BUNDLE_LOADER = "$(TEST_HOST)";
				CODE_SIGN_STYLE = Automatic;
				DEVELOPMENT_TEAM = 6S33422B35;
				INFOPLIST_FILE = VoipTestTests/Info.plist;
				LD_RUNPATH_SEARCH_PATHS = "$(inherited) @executable_path/Frameworks @loader_path/Frameworks";
				PRODUCT_BUNDLE_IDENTIFIER = com.keisdom.VoipTestTests;
				PRODUCT_NAME = "$(TARGET_NAME)";
				TARGETED_DEVICE_FAMILY = "1,2";
				TEST_HOST = "$(BUILT_PRODUCTS_DIR)/VoipTest.app/VoipTest";
			};
			name = Debug;
		};
		84A534DD1F7DE6E8008909A0 /* Release */ = {
			isa = XCBuildConfiguration;
			buildSettings = {
				BUNDLE_LOADER = "$(TEST_HOST)";
				CODE_SIGN_STYLE = Automatic;
				DEVELOPMENT_TEAM = 6S33422B35;
				INFOPLIST_FILE = VoipTestTests/Info.plist;
				LD_RUNPATH_SEARCH_PATHS = "$(inherited) @executable_path/Frameworks @loader_path/Frameworks";
				PRODUCT_BUNDLE_IDENTIFIER = com.keisdom.VoipTestTests;
				PRODUCT_NAME = "$(TARGET_NAME)";
				TARGETED_DEVICE_FAMILY = "1,2";
				TEST_HOST = "$(BUILT_PRODUCTS_DIR)/VoipTest.app/VoipTest";
			};
			name = Release;
		};
		84A534DF1F7DE6E8008909A0 /* Debug */ = {
			isa = XCBuildConfiguration;
			buildSettings = {
				CODE_SIGN_STYLE = Automatic;
				DEVELOPMENT_TEAM = 6S33422B35;
				INFOPLIST_FILE = VoipTestUITests/Info.plist;
				LD_RUNPATH_SEARCH_PATHS = "$(inherited) @executable_path/Frameworks @loader_path/Frameworks";
				PRODUCT_BUNDLE_IDENTIFIER = com.keisdom.VoipTestUITests;
				PRODUCT_NAME = "$(TARGET_NAME)";
				TARGETED_DEVICE_FAMILY = "1,2";
				TEST_TARGET_NAME = VoipTest;
			};
			name = Debug;
		};
		84A534E01F7DE6E8008909A0 /* Release */ = {
			isa = XCBuildConfiguration;
			buildSettings = {
				CODE_SIGN_STYLE = Automatic;
				DEVELOPMENT_TEAM = 6S33422B35;
				INFOPLIST_FILE = VoipTestUITests/Info.plist;
				LD_RUNPATH_SEARCH_PATHS = "$(inherited) @executable_path/Frameworks @loader_path/Frameworks";
				PRODUCT_BUNDLE_IDENTIFIER = com.keisdom.VoipTestUITests;
				PRODUCT_NAME = "$(TARGET_NAME)";
				TARGETED_DEVICE_FAMILY = "1,2";
				TEST_TARGET_NAME = VoipTest;
			};
			name = Release;
		};
		84A535341F7F89DC008909A0 /* Debug */ = {
			isa = XCBuildConfiguration;
			buildSettings = {
				CODE_SIGN_STYLE = Automatic;
				DEVELOPMENT_TEAM = 6S33422B35;
				INFOPLIST_FILE = pushEXTest/Info.plist;
				IPHONEOS_DEPLOYMENT_TARGET = 8.0;
				LD_RUNPATH_SEARCH_PATHS = "$(inherited) @executable_path/Frameworks @executable_path/../../Frameworks";
				PRODUCT_BUNDLE_IDENTIFIER = com.keisdom.voipTest.pushEXTest;
				PRODUCT_NAME = "$(TARGET_NAME)";
				SKIP_INSTALL = YES;
				TARGETED_DEVICE_FAMILY = "1,2";
			};
			name = Debug;
		};
		84A535351F7F89DC008909A0 /* Release */ = {
			isa = XCBuildConfiguration;
			buildSettings = {
				CODE_SIGN_STYLE = Automatic;
				DEVELOPMENT_TEAM = 6S33422B35;
				INFOPLIST_FILE = pushEXTest/Info.plist;
				IPHONEOS_DEPLOYMENT_TARGET = 8.0;
				LD_RUNPATH_SEARCH_PATHS = "$(inherited) @executable_path/Frameworks @executable_path/../../Frameworks";
				PRODUCT_BUNDLE_IDENTIFIER = com.keisdom.voipTest.pushEXTest;
				PRODUCT_NAME = "$(TARGET_NAME)";
				SKIP_INSTALL = YES;
				TARGETED_DEVICE_FAMILY = "1,2";
			};
			name = Release;
		};
		84A5354E1F7F9B59008909A0 /* Debug */ = {
			isa = XCBuildConfiguration;
			buildSettings = {
				CODE_SIGN_STYLE = Automatic;
				DEVELOPMENT_TEAM = 6S33422B35;
				INFOPLIST_FILE = medi/Info.plist;
				IPHONEOS_DEPLOYMENT_TARGET = 11.0;
				LD_RUNPATH_SEARCH_PATHS = "$(inherited) @executable_path/Frameworks @executable_path/../../Frameworks";
				PRODUCT_BUNDLE_IDENTIFIER = com.keisdom.voipTest.medi;
				PRODUCT_NAME = "$(TARGET_NAME)";
				SKIP_INSTALL = YES;
				TARGETED_DEVICE_FAMILY = "1,2";
			};
			name = Debug;
		};
		84A5354F1F7F9B59008909A0 /* Release */ = {
			isa = XCBuildConfiguration;
			buildSettings = {
				CODE_SIGN_STYLE = Automatic;
				DEVELOPMENT_TEAM = 6S33422B35;
				INFOPLIST_FILE = medi/Info.plist;
				IPHONEOS_DEPLOYMENT_TARGET = 11.0;
				LD_RUNPATH_SEARCH_PATHS = "$(inherited) @executable_path/Frameworks @executable_path/../../Frameworks";
				PRODUCT_BUNDLE_IDENTIFIER = com.keisdom.voipTest.medi;
				PRODUCT_NAME = "$(TARGET_NAME)";
				SKIP_INSTALL = YES;
				TARGETED_DEVICE_FAMILY = "1,2";
			};
			name = Release;
		};
		84A535841F7F9DF6008909A0 /* Debug */ = {
			isa = XCBuildConfiguration;
			buildSettings = {
				CODE_SIGN_STYLE = Automatic;
				DEVELOPMENT_TEAM = 6S33422B35;
				INFOPLIST_FILE = pushcontentPush/Info.plist;
				IPHONEOS_DEPLOYMENT_TARGET = 11.0;
				LD_RUNPATH_SEARCH_PATHS = "$(inherited) @executable_path/Frameworks @executable_path/../../Frameworks";
				PRODUCT_BUNDLE_IDENTIFIER = com.keisdom.voipTest.pushcontentPush;
				PRODUCT_NAME = "$(TARGET_NAME)";
				SKIP_INSTALL = YES;
				TARGETED_DEVICE_FAMILY = "1,2";
			};
			name = Debug;
		};
		84A535851F7F9DF6008909A0 /* Release */ = {
			isa = XCBuildConfiguration;
			buildSettings = {
				CODE_SIGN_STYLE = Automatic;
				DEVELOPMENT_TEAM = 6S33422B35;
				INFOPLIST_FILE = pushcontentPush/Info.plist;
				IPHONEOS_DEPLOYMENT_TARGET = 11.0;
				LD_RUNPATH_SEARCH_PATHS = "$(inherited) @executable_path/Frameworks @executable_path/../../Frameworks";
				PRODUCT_BUNDLE_IDENTIFIER = com.keisdom.voipTest.pushcontentPush;
				PRODUCT_NAME = "$(TARGET_NAME)";
				SKIP_INSTALL = YES;
				TARGETED_DEVICE_FAMILY = "1,2";
			};
			name = Release;
		};
/* End XCBuildConfiguration section */

/* Begin XCConfigurationList section */
		84A534A71F7DE6E8008909A0 /* Build configuration list for PBXProject "VoipTest" */ = {
			isa = XCConfigurationList;
			buildConfigurations = (
				84A534D61F7DE6E8008909A0 /* Debug */,
				84A534D71F7DE6E8008909A0 /* Release */,
			);
			defaultConfigurationIsVisible = 0;
			defaultConfigurationName = Release;
		};
		84A534D81F7DE6E8008909A0 /* Build configuration list for PBXNativeTarget "VoipTest" */ = {
			isa = XCConfigurationList;
			buildConfigurations = (
				84A534D91F7DE6E8008909A0 /* Debug */,
				84A534DA1F7DE6E8008909A0 /* Release */,
			);
			defaultConfigurationIsVisible = 0;
			defaultConfigurationName = Release;
		};
		84A534DB1F7DE6E8008909A0 /* Build configuration list for PBXNativeTarget "VoipTestTests" */ = {
			isa = XCConfigurationList;
			buildConfigurations = (
				84A534DC1F7DE6E8008909A0 /* Debug */,
				84A534DD1F7DE6E8008909A0 /* Release */,
			);
			defaultConfigurationIsVisible = 0;
			defaultConfigurationName = Release;
		};
		84A534DE1F7DE6E8008909A0 /* Build configuration list for PBXNativeTarget "VoipTestUITests" */ = {
			isa = XCConfigurationList;
			buildConfigurations = (
				84A534DF1F7DE6E8008909A0 /* Debug */,
				84A534E01F7DE6E8008909A0 /* Release */,
			);
			defaultConfigurationIsVisible = 0;
			defaultConfigurationName = Release;
		};
		84A535331F7F89DC008909A0 /* Build configuration list for PBXNativeTarget "pushEXTest" */ = {
			isa = XCConfigurationList;
			buildConfigurations = (
				84A535341F7F89DC008909A0 /* Debug */,
				84A535351F7F89DC008909A0 /* Release */,
			);
			defaultConfigurationIsVisible = 0;
			defaultConfigurationName = Release;
		};
		84A5354D1F7F9B59008909A0 /* Build configuration list for PBXNativeTarget "medi" */ = {
			isa = XCConfigurationList;
			buildConfigurations = (
				84A5354E1F7F9B59008909A0 /* Debug */,
				84A5354F1F7F9B59008909A0 /* Release */,
			);
			defaultConfigurationIsVisible = 0;
			defaultConfigurationName = Release;
		};
		84A535831F7F9DF6008909A0 /* Build configuration list for PBXNativeTarget "pushcontentPush" */ = {
			isa = XCConfigurationList;
			buildConfigurations = (
				84A535841F7F9DF6008909A0 /* Debug */,
				84A535851F7F9DF6008909A0 /* Release */,
			);
			defaultConfigurationIsVisible = 0;
			defaultConfigurationName = Release;
		};
/* End XCConfigurationList section */
	};
	rootObject = 84A534A41F7DE6E8008909A0 /* Project object */;
}
